
Microsoft Visual Studio Solution File, Format Version 12.00
# Visual Studio Version 17
VisualStudioVersion = 17.1.32421.90
MinimumVisualStudioVersion = 10.0.40219.1
Project("{FAE04EC0-301F-11D3-BF4B-00C04F79EFBC}") = "CifraAcademy", "CifraAcademy.csproj", "{7AE16BD8-AE1E-4545-BF71-683D74A42EB7}"
EndProject
Global
	GlobalSection(SolutionConfigurationPlatforms) = preSolution
		Debug|Any CPU = Debug|Any CPU
		Release|Any CPU = Release|Any CPU
	EndGlobalSection
	GlobalSection(ProjectConfigurationPlatforms) = postSolution
		{7AE16BD8-AE1E-4545-BF71-683D74A42EB7}.Debug|Any CPU.ActiveCfg = Debug|Any CPU
		{7AE16BD8-AE1E-4545-BF71-683D74A42EB7}.Debug|Any CPU.Build.0 = Debug|Any CPU
		{7AE16BD8-AE1E-4545-BF71-683D74A42EB7}.Release|Any CPU.ActiveCfg = Release|Any CPU
		{7AE16BD8-AE1E-4545-BF71-683D74A42EB7}.Release|Any CPU.Build.0 = Release|Any CPU
	EndGlobalSection
	GlobalSection(SolutionProperties) = preSolution
		HideSolutionNode = FALSE
	EndGlobalSection
	GlobalSection(ExtensibilityGlobals) = postSolution
		SolutionGuid = {D236C2AC-42DC-466F-8558-CF9B8A32DE41}
	EndGlobalSection
EndGlobal
